// !$*UTF8*$!
{
	archiveVersion = 1;
	classes = {
	};
	objectVersion = 46;
	objects = {

/* Begin PBXBuildFile section */
		3FD59B4E1DB6C2C600CDF2B3 /* main.m in Sources */ = {isa = PBXBuildFile; fileRef = 3FD59B4D1DB6C2C600CDF2B3 /* main.m */; };
		3FD59B511DB6C2C600CDF2B3 /* AppDelegate.m in Sources */ = {isa = PBXBuildFile; fileRef = 3FD59B501DB6C2C600CDF2B3 /* AppDelegate.m */; };
		3FD59B591DB6C2C600CDF2B3 /* Assets.xcassets in Resources */ = {isa = PBXBuildFile; fileRef = 3FD59B581DB6C2C600CDF2B3 /* Assets.xcassets */; };
		3FD59B681DB6C37300CDF2B3 /* LaunchScreen.storyboard in Resources */ = {isa = PBXBuildFile; fileRef = 3FD59B661DB6C37300CDF2B3 /* LaunchScreen.storyboard */; };
		3FD59B691DB6C37300CDF2B3 /* Main.storyboard in Resources */ = {isa = PBXBuildFile; fileRef = 3FD59B671DB6C37300CDF2B3 /* Main.storyboard */; };
		3FD59B6C1DB6C3B300CDF2B3 /* VideoSearchViewController.m in Sources */ = {isa = PBXBuildFile; fileRef = 3FD59B6B1DB6C3B300CDF2B3 /* VideoSearchViewController.m */; };
		3FD59B6F1DB6C45500CDF2B3 /* Swing.m in Sources */ = {isa = PBXBuildFile; fileRef = 3FD59B6E1DB6C45500CDF2B3 /* Swing.m */; };
		3FD59B721DB6C46700CDF2B3 /* Video.m in Sources */ = {isa = PBXBuildFile; fileRef = 3FD59B711DB6C46700CDF2B3 /* Video.m */; };
		3FD59B761DB6D61C00CDF2B3 /* ColorUtils.m in Sources */ = {isa = PBXBuildFile; fileRef = 3FD59B751DB6D61C00CDF2B3 /* ColorUtils.m */; };
		3FD59B791DB6D63700CDF2B3 /* SearchUtils.m in Sources */ = {isa = PBXBuildFile; fileRef = 3FD59B781DB6D63700CDF2B3 /* SearchUtils.m */; };
		3FD59B7D1DB6D70200CDF2B3 /* VideoTableViewCell.m in Sources */ = {isa = PBXBuildFile; fileRef = 3FD59B7C1DB6D70200CDF2B3 /* VideoTableViewCell.m */; };
		3FD59B801DB6D72200CDF2B3 /* UIKit.framework in Frameworks */ = {isa = PBXBuildFile; fileRef = 3FD59B7F1DB6D72200CDF2B3 /* UIKit.framework */; };
		3FD59B821DB6D74B00CDF2B3 /* SystemConfiguration.framework in Frameworks */ = {isa = PBXBuildFile; fileRef = 3FD59B811DB6D74B00CDF2B3 /* SystemConfiguration.framework */; };
		3FD59B841DB6D75A00CDF2B3 /* QuartzCore.framework in Frameworks */ = {isa = PBXBuildFile; fileRef = 3FD59B831DB6D75A00CDF2B3 /* QuartzCore.framework */; };
		3FD59B871DB6DBA400CDF2B3 /* FakeGenUtils.m in Sources */ = {isa = PBXBuildFile; fileRef = 3FD59B861DB6DBA400CDF2B3 /* FakeGenUtils.m */; };
		3FD59B8D1DB6F53200CDF2B3 /* ErrorUtils.m in Sources */ = {isa = PBXBuildFile; fileRef = 3FD59B8C1DB6F53200CDF2B3 /* ErrorUtils.m */; };
		EAB765F8DF53BDD0D627F7AF /* libPods-VideoSearch.a in Frameworks */ = {isa = PBXBuildFile; fileRef = 06C75F39596E87922EA1DD9D /* libPods-VideoSearch.a */; };
/* End PBXBuildFile section */

/* Begin PBXFileReference section */
		06C75F39596E87922EA1DD9D /* libPods-VideoSearch.a */ = {isa = PBXFileReference; explicitFileType = archive.ar; includeInIndex = 0; path = "libPods-VideoSearch.a"; sourceTree = BUILT_PRODUCTS_DIR; };
		3FD59B491DB6C2C600CDF2B3 /* VideoSearch.app */ = {isa = PBXFileReference; explicitFileType = wrapper.application; includeInIndex = 0; path = VideoSearch.app; sourceTree = BUILT_PRODUCTS_DIR; };
		3FD59B4D1DB6C2C600CDF2B3 /* main.m */ = {isa = PBXFileReference; lastKnownFileType = sourcecode.c.objc; path = main.m; sourceTree = "<group>"; };
		3FD59B4F1DB6C2C600CDF2B3 /* AppDelegate.h */ = {isa = PBXFileReference; lastKnownFileType = sourcecode.c.h; path = AppDelegate.h; sourceTree = "<group>"; };
		3FD59B501DB6C2C600CDF2B3 /* AppDelegate.m */ = {isa = PBXFileReference; lastKnownFileType = sourcecode.c.objc; path = AppDelegate.m; sourceTree = "<group>"; };
		3FD59B581DB6C2C600CDF2B3 /* Assets.xcassets */ = {isa = PBXFileReference; lastKnownFileType = folder.assetcatalog; path = Assets.xcassets; sourceTree = "<group>"; };
		3FD59B5D1DB6C2C600CDF2B3 /* Info.plist */ = {isa = PBXFileReference; lastKnownFileType = text.plist.xml; path = Info.plist; sourceTree = "<group>"; };
		3FD59B661DB6C37300CDF2B3 /* LaunchScreen.storyboard */ = {isa = PBXFileReference; fileEncoding = 4; lastKnownFileType = file.storyboard; name = LaunchScreen.storyboard; path = Views/LaunchScreen.storyboard; sourceTree = "<group>"; };
		3FD59B671DB6C37300CDF2B3 /* Main.storyboard */ = {isa = PBXFileReference; fileEncoding = 4; lastKnownFileType = file.storyboard; name = Main.storyboard; path = Views/Main.storyboard; sourceTree = "<group>"; };
		3FD59B6A1DB6C3B300CDF2B3 /* VideoSearchViewController.h */ = {isa = PBXFileReference; fileEncoding = 4; lastKnownFileType = sourcecode.c.h; name = VideoSearchViewController.h; path = Controllers/VideoSearchViewController.h; sourceTree = "<group>"; };
		3FD59B6B1DB6C3B300CDF2B3 /* VideoSearchViewController.m */ = {isa = PBXFileReference; fileEncoding = 4; lastKnownFileType = sourcecode.c.objc; name = VideoSearchViewController.m; path = Controllers/VideoSearchViewController.m; sourceTree = "<group>"; };
		3FD59B6D1DB6C45500CDF2B3 /* Swing.h */ = {isa = PBXFileReference; fileEncoding = 4; lastKnownFileType = sourcecode.c.h; name = Swing.h; path = Models/Swing.h; sourceTree = "<group>"; };
		3FD59B6E1DB6C45500CDF2B3 /* Swing.m */ = {isa = PBXFileReference; fileEncoding = 4; lastKnownFileType = sourcecode.c.objc; name = Swing.m; path = Models/Swing.m; sourceTree = "<group>"; };
		3FD59B701DB6C46700CDF2B3 /* Video.h */ = {isa = PBXFileReference; fileEncoding = 4; lastKnownFileType = sourcecode.c.h; name = Video.h; path = Models/Video.h; sourceTree = "<group>"; };
		3FD59B711DB6C46700CDF2B3 /* Video.m */ = {isa = PBXFileReference; fileEncoding = 4; lastKnownFileType = sourcecode.c.objc; name = Video.m; path = Models/Video.m; sourceTree = "<group>"; };
		3FD59B741DB6D61C00CDF2B3 /* ColorUtils.h */ = {isa = PBXFileReference; fileEncoding = 4; lastKnownFileType = sourcecode.c.h; name = ColorUtils.h; path = Utilities/ColorUtils.h; sourceTree = "<group>"; };
		3FD59B751DB6D61C00CDF2B3 /* ColorUtils.m */ = {isa = PBXFileReference; fileEncoding = 4; lastKnownFileType = sourcecode.c.objc; name = ColorUtils.m; path = Utilities/ColorUtils.m; sourceTree = "<group>"; };
		3FD59B771DB6D63700CDF2B3 /* SearchUtils.h */ = {isa = PBXFileReference; fileEncoding = 4; lastKnownFileType = sourcecode.c.h; name = SearchUtils.h; path = Utilities/SearchUtils.h; sourceTree = "<group>"; };
		3FD59B781DB6D63700CDF2B3 /* SearchUtils.m */ = {isa = PBXFileReference; fileEncoding = 4; lastKnownFileType = sourcecode.c.objc; name = SearchUtils.m; path = Utilities/SearchUtils.m; sourceTree = "<group>"; };
		3FD59B7B1DB6D70200CDF2B3 /* VideoTableViewCell.h */ = {isa = PBXFileReference; fileEncoding = 4; lastKnownFileType = sourcecode.c.h; name = VideoTableViewCell.h; path = Controllers/Cells/VideoTableViewCell.h; sourceTree = "<group>"; };
		3FD59B7C1DB6D70200CDF2B3 /* VideoTableViewCell.m */ = {isa = PBXFileReference; fileEncoding = 4; lastKnownFileType = sourcecode.c.objc; name = VideoTableViewCell.m; path = Controllers/Cells/VideoTableViewCell.m; sourceTree = "<group>"; };
		3FD59B7F1DB6D72200CDF2B3 /* UIKit.framework */ = {isa = PBXFileReference; lastKnownFileType = wrapper.framework; name = UIKit.framework; path = System/Library/Frameworks/UIKit.framework; sourceTree = SDKROOT; };
		3FD59B811DB6D74B00CDF2B3 /* SystemConfiguration.framework */ = {isa = PBXFileReference; lastKnownFileType = wrapper.framework; name = SystemConfiguration.framework; path = System/Library/Frameworks/SystemConfiguration.framework; sourceTree = SDKROOT; };
		3FD59B831DB6D75A00CDF2B3 /* QuartzCore.framework */ = {isa = PBXFileReference; lastKnownFileType = wrapper.framework; name = QuartzCore.framework; path = System/Library/Frameworks/QuartzCore.framework; sourceTree = SDKROOT; };
		3FD59B851DB6DBA400CDF2B3 /* FakeGenUtils.h */ = {isa = PBXFileReference; fileEncoding = 4; lastKnownFileType = sourcecode.c.h; name = FakeGenUtils.h; path = Utilities/FakeGenUtils.h; sourceTree = "<group>"; };
		3FD59B861DB6DBA400CDF2B3 /* FakeGenUtils.m */ = {isa = PBXFileReference; fileEncoding = 4; lastKnownFileType = sourcecode.c.objc; name = FakeGenUtils.m; path = Utilities/FakeGenUtils.m; sourceTree = "<group>"; };
		3FD59B8A1DB6DE0700CDF2B3 /* Constants.h */ = {isa = PBXFileReference; lastKnownFileType = sourcecode.c.h; path = Constants.h; sourceTree = "<group>"; };
		3FD59B8B1DB6F53200CDF2B3 /* ErrorUtils.h */ = {isa = PBXFileReference; fileEncoding = 4; lastKnownFileType = sourcecode.c.h; name = ErrorUtils.h; path = Utilities/ErrorUtils.h; sourceTree = "<group>"; };
		3FD59B8C1DB6F53200CDF2B3 /* ErrorUtils.m */ = {isa = PBXFileReference; fileEncoding = 4; lastKnownFileType = sourcecode.c.objc; name = ErrorUtils.m; path = Utilities/ErrorUtils.m; sourceTree = "<group>"; };
		C8011115D1F2FC8CB6E34846 /* Pods-VideoSearch.release.xcconfig */ = {isa = PBXFileReference; includeInIndex = 1; lastKnownFileType = text.xcconfig; name = "Pods-VideoSearch.release.xcconfig"; path = "Pods/Target Support Files/Pods-VideoSearch/Pods-VideoSearch.release.xcconfig"; sourceTree = "<group>"; };
		EFE6E0ED57466049753B3983 /* Pods-VideoSearch.debug.xcconfig */ = {isa = PBXFileReference; includeInIndex = 1; lastKnownFileType = text.xcconfig; name = "Pods-VideoSearch.debug.xcconfig"; path = "Pods/Target Support Files/Pods-VideoSearch/Pods-VideoSearch.debug.xcconfig"; sourceTree = "<group>"; };
/* End PBXFileReference section */

/* Begin PBXFrameworksBuildPhase section */
		3FD59B461DB6C2C600CDF2B3 /* Frameworks */ = {
			isa = PBXFrameworksBuildPhase;
			buildActionMask = 2147483647;
			files = (
				3FD59B841DB6D75A00CDF2B3 /* QuartzCore.framework in Frameworks */,
				3FD59B821DB6D74B00CDF2B3 /* SystemConfiguration.framework in Frameworks */,
				3FD59B801DB6D72200CDF2B3 /* UIKit.framework in Frameworks */,
				EAB765F8DF53BDD0D627F7AF /* libPods-VideoSearch.a in Frameworks */,
			);
			runOnlyForDeploymentPostprocessing = 0;
		};
/* End PBXFrameworksBuildPhase section */

/* Begin PBXGroup section */
		3FD59B401DB6C2C600CDF2B3 = {
			isa = PBXGroup;
			children = (
				3FD59B4B1DB6C2C600CDF2B3 /* VideoSearch */,
				3FD59B4A1DB6C2C600CDF2B3 /* Products */,
				3FD59B7E1DB6D72200CDF2B3 /* Frameworks */,
				64D65CF6B65C8CDBC263AECC /* Pods */,
			);
			sourceTree = "<group>";
		};
		3FD59B4A1DB6C2C600CDF2B3 /* Products */ = {
			isa = PBXGroup;
			children = (
				3FD59B491DB6C2C600CDF2B3 /* VideoSearch.app */,
			);
			name = Products;
			sourceTree = "<group>";
		};
		3FD59B4B1DB6C2C600CDF2B3 /* VideoSearch */ = {
			isa = PBXGroup;
			children = (
				3FD59B4F1DB6C2C600CDF2B3 /* AppDelegate.h */,
				3FD59B501DB6C2C600CDF2B3 /* AppDelegate.m */,
				3FD59B631DB6C2DD00CDF2B3 /* Models */,
				3FD59B641DB6C2E200CDF2B3 /* Views */,
				3FD59B651DB6C2E600CDF2B3 /* Controllers */,
				3FD59B731DB6D5FD00CDF2B3 /* Utilities */,
				3FD59B4C1DB6C2C600CDF2B3 /* Supporting Files */,
				3FD59B581DB6C2C600CDF2B3 /* Assets.xcassets */,
				3FD59B5D1DB6C2C600CDF2B3 /* Info.plist */,
				3FD59B8A1DB6DE0700CDF2B3 /* Constants.h */,
			);
			path = VideoSearch;
			sourceTree = "<group>";
		};
		3FD59B4C1DB6C2C600CDF2B3 /* Supporting Files */ = {
			isa = PBXGroup;
			children = (
				3FD59B4D1DB6C2C600CDF2B3 /* main.m */,
			);
			name = "Supporting Files";
			sourceTree = "<group>";
		};
		3FD59B631DB6C2DD00CDF2B3 /* Models */ = {
			isa = PBXGroup;
			children = (
				3FD59B6D1DB6C45500CDF2B3 /* Swing.h */,
				3FD59B6E1DB6C45500CDF2B3 /* Swing.m */,
				3FD59B701DB6C46700CDF2B3 /* Video.h */,
				3FD59B711DB6C46700CDF2B3 /* Video.m */,
			);
			name = Models;
			sourceTree = "<group>";
		};
		3FD59B641DB6C2E200CDF2B3 /* Views */ = {
			isa = PBXGroup;
			children = (
				3FD59B661DB6C37300CDF2B3 /* LaunchScreen.storyboard */,
				3FD59B671DB6C37300CDF2B3 /* Main.storyboard */,
			);
			name = Views;
			sourceTree = "<group>";
		};
		3FD59B651DB6C2E600CDF2B3 /* Controllers */ = {
			isa = PBXGroup;
			children = (
				3FD59B7A1DB6D6E000CDF2B3 /* Cells */,
				3FD59B6A1DB6C3B300CDF2B3 /* VideoSearchViewController.h */,
				3FD59B6B1DB6C3B300CDF2B3 /* VideoSearchViewController.m */,
			);
			name = Controllers;
			sourceTree = "<group>";
		};
		3FD59B731DB6D5FD00CDF2B3 /* Utilities */ = {
			isa = PBXGroup;
			children = (
				3FD59B741DB6D61C00CDF2B3 /* ColorUtils.h */,
				3FD59B751DB6D61C00CDF2B3 /* ColorUtils.m */,
				3FD59B771DB6D63700CDF2B3 /* SearchUtils.h */,
				3FD59B781DB6D63700CDF2B3 /* SearchUtils.m */,
				3FD59B851DB6DBA400CDF2B3 /* FakeGenUtils.h */,
				3FD59B861DB6DBA400CDF2B3 /* FakeGenUtils.m */,
				3FD59B8B1DB6F53200CDF2B3 /* ErrorUtils.h */,
				3FD59B8C1DB6F53200CDF2B3 /* ErrorUtils.m */,
			);
			name = Utilities;
			sourceTree = "<group>";
		};
		3FD59B7A1DB6D6E000CDF2B3 /* Cells */ = {
			isa = PBXGroup;
			children = (
				3FD59B7B1DB6D70200CDF2B3 /* VideoTableViewCell.h */,
				3FD59B7C1DB6D70200CDF2B3 /* VideoTableViewCell.m */,
			);
			name = Cells;
			sourceTree = "<group>";
		};
		3FD59B7E1DB6D72200CDF2B3 /* Frameworks */ = {
			isa = PBXGroup;
			children = (
				3FD59B831DB6D75A00CDF2B3 /* QuartzCore.framework */,
				3FD59B811DB6D74B00CDF2B3 /* SystemConfiguration.framework */,
				3FD59B7F1DB6D72200CDF2B3 /* UIKit.framework */,
				06C75F39596E87922EA1DD9D /* libPods-VideoSearch.a */,
			);
			name = Frameworks;
			sourceTree = "<group>";
		};
		64D65CF6B65C8CDBC263AECC /* Pods */ = {
			isa = PBXGroup;
			children = (
				EFE6E0ED57466049753B3983 /* Pods-VideoSearch.debug.xcconfig */,
				C8011115D1F2FC8CB6E34846 /* Pods-VideoSearch.release.xcconfig */,
			);
			name = Pods;
			sourceTree = "<group>";
		};
/* End PBXGroup section */

/* Begin PBXNativeTarget section */
		3FD59B481DB6C2C600CDF2B3 /* VideoSearch */ = {
			isa = PBXNativeTarget;
			buildConfigurationList = 3FD59B601DB6C2C600CDF2B3 /* Build configuration list for PBXNativeTarget "VideoSearch" */;
			buildPhases = (
				D15E05772775B9D2A9F9AE98 /* Check Pods Manifest.lock */,
				3FD59B451DB6C2C600CDF2B3 /* Sources */,
				3FD59B461DB6C2C600CDF2B3 /* Frameworks */,
				3FD59B471DB6C2C600CDF2B3 /* Resources */,
				E3F7C488EBC1A37312C8DAAD /* Embed Pods Frameworks */,
				29B93BD6F4FE1C5923EDD38A /* Copy Pods Resources */,
				3FD59B8E1DB7F49100CDF2B3 /* Crashlytics Run Script */,
			);
			buildRules = (
			);
			dependencies = (
			);
			name = VideoSearch;
			productName = VideoSearch;
			productReference = 3FD59B491DB6C2C600CDF2B3 /* VideoSearch.app */;
			productType = "com.apple.product-type.application";
		};
/* End PBXNativeTarget section */

/* Begin PBXProject section */
		3FD59B411DB6C2C600CDF2B3 /* Project object */ = {
			isa = PBXProject;
			attributes = {
				LastUpgradeCheck = 0800;
				ORGANIZATIONNAME = "Mike Stuck";
				TargetAttributes = {
					3FD59B481DB6C2C600CDF2B3 = {
						CreatedOnToolsVersion = 8.0;
						DevelopmentTeam = 4X4RG77KE5;
						ProvisioningStyle = Automatic;
					};
				};
			};
			buildConfigurationList = 3FD59B441DB6C2C600CDF2B3 /* Build configuration list for PBXProject "VideoSearch" */;
			compatibilityVersion = "Xcode 3.2";
			developmentRegion = English;
			hasScannedForEncodings = 0;
			knownRegions = (
				en,
				Base,
			);
			mainGroup = 3FD59B401DB6C2C600CDF2B3;
			productRefGroup = 3FD59B4A1DB6C2C600CDF2B3 /* Products */;
			projectDirPath = "";
			projectRoot = "";
			targets = (
				3FD59B481DB6C2C600CDF2B3 /* VideoSearch */,
			);
		};
/* End PBXProject section */

/* Begin PBXResourcesBuildPhase section */
		3FD59B471DB6C2C600CDF2B3 /* Resources */ = {
			isa = PBXResourcesBuildPhase;
			buildActionMask = 2147483647;
			files = (
				3FD59B691DB6C37300CDF2B3 /* Main.storyboard in Resources */,
				3FD59B681DB6C37300CDF2B3 /* LaunchScreen.storyboard in Resources */,
				3FD59B591DB6C2C600CDF2B3 /* Assets.xcassets in Resources */,
			);
			runOnlyForDeploymentPostprocessing = 0;
		};
/* End PBXResourcesBuildPhase section */

/* Begin PBXShellScriptBuildPhase section */
		29B93BD6F4FE1C5923EDD38A /* Copy Pods Resources */ = {
			isa = PBXShellScriptBuildPhase;
			buildActionMask = 2147483647;
			files = (
			);
			inputPaths = (
			);
			name = "Copy Pods Resources";
			outputPaths = (
			);
			runOnlyForDeploymentPostprocessing = 0;
			shellPath = /bin/sh;
			shellScript = "\"${SRCROOT}/Pods/Target Support Files/Pods-VideoSearch/Pods-VideoSearch-resources.sh\"\n";
			showEnvVarsInLog = 0;
		};
		3FD59B8E1DB7F49100CDF2B3 /* Crashlytics Run Script */ = {
			isa = PBXShellScriptBuildPhase;
			buildActionMask = 2147483647;
			files = (
			);
			inputPaths = (
			);
			name = "Crashlytics Run Script";
			outputPaths = (
			);
			runOnlyForDeploymentPostprocessing = 0;
			shellPath = /bin/sh;
			shellScript = "${PODS_ROOT}/Fabric/run 89b04812bf0a3763565b42840f3ac7c786372879 8f5889fe0dbc7c343a00a774337b7de91211f8e6370915e5738e3c54f3d20df1";
		};
		D15E05772775B9D2A9F9AE98 /* Check Pods Manifest.lock */ = {
			isa = PBXShellScriptBuildPhase;
			buildActionMask = 2147483647;
			files = (
			);
			inputPaths = (
			);
			name = "Check Pods Manifest.lock";
			outputPaths = (
			);
			runOnlyForDeploymentPostprocessing = 0;
			shellPath = /bin/sh;
			shellScript = "diff \"${PODS_ROOT}/../Podfile.lock\" \"${PODS_ROOT}/Manifest.lock\" > /dev/null\nif [[ $? != 0 ]] ; then\n    cat << EOM\nerror: The sandbox is not in sync with the Podfile.lock. Run 'pod install' or update your CocoaPods installation.\nEOM\n    exit 1\nfi\n";
			showEnvVarsInLog = 0;
		};
		E3F7C488EBC1A37312C8DAAD /* Embed Pods Frameworks */ = {
			isa = PBXShellScriptBuildPhase;
			buildActionMask = 2147483647;
			files = (
			);
			inputPaths = (
			);
			name = "Embed Pods Frameworks";
			outputPaths = (
			);
			runOnlyForDeploymentPostprocessing = 0;
			shellPath = /bin/sh;
			shellScript = "\"${SRCROOT}/Pods/Target Support Files/Pods-VideoSearch/Pods-VideoSearch-frameworks.sh\"\n";
			showEnvVarsInLog = 0;
		};
/* End PBXShellScriptBuildPhase section */

/* Begin PBXSourcesBuildPhase section */
		3FD59B451DB6C2C600CDF2B3 /* Sources */ = {
			isa = PBXSourcesBuildPhase;
			buildActionMask = 2147483647;
			files = (
				3FD59B511DB6C2C600CDF2B3 /* AppDelegate.m in Sources */,
				3FD59B7D1DB6D70200CDF2B3 /* VideoTableViewCell.m in Sources */,
				3FD59B8D1DB6F53200CDF2B3 /* ErrorUtils.m in Sources */,
				3FD59B4E1DB6C2C600CDF2B3 /* main.m in Sources */,
				3FD59B6F1DB6C45500CDF2B3 /* Swing.m in Sources */,
				3FD59B761DB6D61C00CDF2B3 /* ColorUtils.m in Sources */,
				3FD59B871DB6DBA400CDF2B3 /* FakeGenUtils.m in Sources */,
				3FD59B721DB6C46700CDF2B3 /* Video.m in Sources */,
				3FD59B6C1DB6C3B300CDF2B3 /* VideoSearchViewController.m in Sources */,
				3FD59B791DB6D63700CDF2B3 /* SearchUtils.m in Sources */,
			);
			runOnlyForDeploymentPostprocessing = 0;
		};
/* End PBXSourcesBuildPhase section */

/* Begin XCBuildConfiguration section */
		3FD59B5E1DB6C2C600CDF2B3 /* Debug */ = {
			isa = XCBuildConfiguration;
			buildSettings = {
				ALWAYS_SEARCH_USER_PATHS = NO;
				CLANG_ANALYZER_NONNULL = YES;
				CLANG_CXX_LANGUAGE_STANDARD = "gnu++0x";
				CLANG_CXX_LIBRARY = "libc++";
				CLANG_ENABLE_MODULES = YES;
				CLANG_ENABLE_OBJC_ARC = YES;
				CLANG_WARN_BOOL_CONVERSION = YES;
				CLANG_WARN_CONSTANT_CONVERSION = YES;
				CLANG_WARN_DIRECT_OBJC_ISA_USAGE = YES_ERROR;
				CLANG_WARN_DOCUMENTATION_COMMENTS = YES;
				CLANG_WARN_EMPTY_BODY = YES;
				CLANG_WARN_ENUM_CONVERSION = YES;
				CLANG_WARN_INFINITE_RECURSION = YES;
				CLANG_WARN_INT_CONVERSION = YES;
				CLANG_WARN_OBJC_ROOT_CLASS = YES_ERROR;
				CLANG_WARN_SUSPICIOUS_MOVES = YES;
				CLANG_WARN_UNREACHABLE_CODE = YES;
				CLANG_WARN__DUPLICATE_METHOD_MATCH = YES;
				"CODE_SIGN_IDENTITY[sdk=iphoneos*]" = "iPhone Developer";
				COPY_PHASE_STRIP = NO;
				DEBUG_INFORMATION_FORMAT = dwarf;
				ENABLE_STRICT_OBJC_MSGSEND = YES;
				ENABLE_TESTABILITY = YES;
				GCC_C_LANGUAGE_STANDARD = gnu99;
				GCC_DYNAMIC_NO_PIC = NO;
				GCC_NO_COMMON_BLOCKS = YES;
				GCC_OPTIMIZATION_LEVEL = 0;
				GCC_PREPROCESSOR_DEFINITIONS = (
					"DEBUG=1",
					"$(inherited)",
				);
				GCC_WARN_64_TO_32_BIT_CONVERSION = YES;
				GCC_WARN_ABOUT_RETURN_TYPE = YES_ERROR;
				GCC_WARN_UNDECLARED_SELECTOR = YES;
				GCC_WARN_UNINITIALIZED_AUTOS = YES_AGGRESSIVE;
				GCC_WARN_UNUSED_FUNCTION = YES;
				GCC_WARN_UNUSED_VARIABLE = YES;
				IPHONEOS_DEPLOYMENT_TARGET = 10.0;
				MTL_ENABLE_DEBUG_INFO = YES;
				ONLY_ACTIVE_ARCH = YES;
				SDKROOT = iphoneos;
				TARGETED_DEVICE_FAMILY = "1,2";
			};
			name = Debug;
		};
		3FD59B5F1DB6C2C600CDF2B3 /* Release */ = {
			isa = XCBuildConfiguration;
			buildSettings = {
				ALWAYS_SEARCH_USER_PATHS = NO;
				CLANG_ANALYZER_NONNULL = YES;
				CLANG_CXX_LANGUAGE_STANDARD = "gnu++0x";
				CLANG_CXX_LIBRARY = "libc++";
				CLANG_ENABLE_MODULES = YES;
				CLANG_ENABLE_OBJC_ARC = YES;
				CLANG_WARN_BOOL_CONVERSION = YES;
				CLANG_WARN_CONSTANT_CONVERSION = YES;
				CLANG_WARN_DIRECT_OBJC_ISA_USAGE = YES_ERROR;
				CLANG_WARN_DOCUMENTATION_COMMENTS = YES;
				CLANG_WARN_EMPTY_BODY = YES;
				CLANG_WARN_ENUM_CONVERSION = YES;
				CLANG_WARN_INFINITE_RECURSION = YES;
				CLANG_WARN_INT_CONVERSION = YES;
				CLANG_WARN_OBJC_ROOT_CLASS = YES_ERROR;
				CLANG_WARN_SUSPICIOUS_MOVES = YES;
				CLANG_WARN_UNREACHABLE_CODE = YES;
				CLANG_WARN__DUPLICATE_METHOD_MATCH = YES;
				"CODE_SIGN_IDENTITY[sdk=iphoneos*]" = "iPhone Developer";
				COPY_PHASE_STRIP = NO;
				DEBUG_INFORMATION_FORMAT = "dwarf-with-dsym";
				ENABLE_NS_ASSERTIONS = NO;
				ENABLE_STRICT_OBJC_MSGSEND = YES;
				GCC_C_LANGUAGE_STANDARD = gnu99;
				GCC_NO_COMMON_BLOCKS = YES;
				GCC_WARN_64_TO_32_BIT_CONVERSION = YES;
				GCC_WARN_ABOUT_RETURN_TYPE = YES_ERROR;
				GCC_WARN_UNDECLARED_SELECTOR = YES;
				GCC_WARN_UNINITIALIZED_AUTOS = YES_AGGRESSIVE;
				GCC_WARN_UNUSED_FUNCTION = YES;
				GCC_WARN_UNUSED_VARIABLE = YES;
				IPHONEOS_DEPLOYMENT_TARGET = 10.0;
				MTL_ENABLE_DEBUG_INFO = NO;
				SDKROOT = iphoneos;
				TARGETED_DEVICE_FAMILY = "1,2";
				VALIDATE_PRODUCT = YES;
			};
			name = Release;
		};
		3FD59B611DB6C2C600CDF2B3 /* Debug */ = {
			isa = XCBuildConfiguration;
			baseConfigurationReference = EFE6E0ED57466049753B3983 /* Pods-VideoSearch.debug.xcconfig */;
			buildSettings = {
				ASSETCATALOG_COMPILER_APPICON_NAME = AppIcon;
				DEVELOPMENT_TEAM = 4X4RG77KE5;
				INFOPLIST_FILE = VideoSearch/Info.plist;
				IPHONEOS_DEPLOYMENT_TARGET = 9.0;
				LD_RUNPATH_SEARCH_PATHS = "$(inherited) @executable_path/Frameworks";
				PRODUCT_BUNDLE_IDENTIFIER = "Mike-Stuck.VideoSearch";
				PRODUCT_NAME = "$(TARGET_NAME)";
			};
			name = Debug;
		};
		3FD59B621DB6C2C600CDF2B3 /* Release */ = {
			isa = XCBuildConfiguration;
			baseConfigurationReference = C8011115D1F2FC8CB6E34846 /* Pods-VideoSearch.release.xcconfig */;
			buildSettings = {
				ASSETCATALOG_COMPILER_APPICON_NAME = AppIcon;
				DEVELOPMENT_TEAM = 4X4RG77KE5;
				INFOPLIST_FILE = VideoSearch/Info.plist;
				IPHONEOS_DEPLOYMENT_TARGET = 9.0;
				LD_RUNPATH_SEARCH_PATHS = "$(inherited) @executable_path/Frameworks";
				PRODUCT_BUNDLE_IDENTIFIER = "Mike-Stuck.VideoSearch";
				PRODUCT_NAME = "$(TARGET_NAME)";
			};
			name = Release;
		};
/* End XCBuildConfiguration section */

/* Begin XCConfigurationList section */
		3FD59B441DB6C2C600CDF2B3 /* Build configuration list for PBXProject "VideoSearch" */ = {
			isa = XCConfigurationList;
			buildConfigurations = (
				3FD59B5E1DB6C2C600CDF2B3 /* Debug */,
				3FD59B5F1DB6C2C600CDF2B3 /* Release */,
			);
			defaultConfigurationIsVisible = 0;
			defaultConfigurationName = Release;
		};
		3FD59B601DB6C2C600CDF2B3 /* Build configuration list for PBXNativeTarget "VideoSearch" */ = {
			isa = XCConfigurationList;
			buildConfigurations = (
				3FD59B611DB6C2C600CDF2B3 /* Debug */,
				3FD59B621DB6C2C600CDF2B3 /* Release */,
			);
			defaultConfigurationIsVisible = 0;
			defaultConfigurationName = Release;
		};
/* End XCConfigurationList section */
	};
	rootObject = 3FD59B411DB6C2C600CDF2B3 /* Project object */;
}
